
Microsoft Visual Studio Solution File, Format Version 12.00
# Visual Studio Version 17
VisualStudioVersion = 17.1.32210.238
MinimumVisualStudioVersion = 10.0.40219.1
Project("{9A19103F-16F7-4668-BE54-9A1E7A4F7556}") = "Foodarc", "Foodarc\Foodarc.csproj", "{ED16E50D-4650-45A9-A14D-C34F2DD122B8}"
EndProject
Global
	GlobalSection(SolutionConfigurationPlatforms) = preSolution
		Debug|Any CPU = Debug|Any CPU
		Release|Any CPU = Release|Any CPU
	EndGlobalSection
	GlobalSection(ProjectConfigurationPlatforms) = postSolution
		{ED16E50D-4650-45A9-A14D-C34F2DD122B8}.Debug|Any CPU.ActiveCfg = Debug|Any CPU
		{ED16E50D-4650-45A9-A14D-C34F2DD122B8}.Debug|Any CPU.Build.0 = Debug|Any CPU
		{ED16E50D-4650-45A9-A14D-C34F2DD122B8}.Release|Any CPU.ActiveCfg = Release|Any CPU
		{ED16E50D-4650-45A9-A14D-C34F2DD122B8}.Release|Any CPU.Build.0 = Release|Any CPU
	EndGlobalSection
	GlobalSection(SolutionProperties) = preSolution
		HideSolutionNode = FALSE
	EndGlobalSection
	GlobalSection(ExtensibilityGlobals) = postSolution
		SolutionGuid = {9B3C5DB0-0AA2-45D2-9462-21DFC57CDF53}
	EndGlobalSection
EndGlobal
